
Microsoft Visual Studio Solution File, Format Version 12.00
# Visual Studio Version 17
VisualStudioVersion = 17.10.34707.107
MinimumVisualStudioVersion = 10.0.40219.1
Project("{9A19103F-16F7-4668-BE54-9A1E7A4F7556}") = "Il2CppLauncher", "Il2CppLauncher\Il2CppLauncher.csproj", "{7FD17070-EA47-4F63-9BD6-CF350ECF6BC1}"
EndProject
Project("{9A19103F-16F7-4668-BE54-9A1E7A4F7556}") = "Il2CppLauncher.Mod", "Il2CppLauncher.Mod\Il2CppLauncher.Mod.csproj", "{D67868EE-BAB9-4669-A2EB-C0EB37C505DD}"
EndProject
Global
	GlobalSection(SolutionConfigurationPlatforms) = preSolution
		Debug|x64 = Debug|x64
		Release|x64 = Release|x64
	EndGlobalSection
	GlobalSection(ProjectConfigurationPlatforms) = postSolution
		{7FD17070-EA47-4F63-9BD6-CF350ECF6BC1}.Debug|x64.ActiveCfg = Debug|x64
		{7FD17070-EA47-4F63-9BD6-CF350ECF6BC1}.Debug|x64.Build.0 = Debug|x64
		{7FD17070-EA47-4F63-9BD6-CF350ECF6BC1}.Release|x64.ActiveCfg = Release|x64
		{7FD17070-EA47-4F63-9BD6-CF350ECF6BC1}.Release|x64.Build.0 = Release|x64
		{D67868EE-BAB9-4669-A2EB-C0EB37C505DD}.Debug|x64.ActiveCfg = Debug|Any CPU
		{D67868EE-BAB9-4669-A2EB-C0EB37C505DD}.Debug|x64.Build.0 = Debug|Any CPU
		{D67868EE-BAB9-4669-A2EB-C0EB37C505DD}.Release|x64.ActiveCfg = Release|Any CPU
	EndGlobalSection
	GlobalSection(SolutionProperties) = preSolution
		HideSolutionNode = FALSE
	EndGlobalSection
	GlobalSection(ExtensibilityGlobals) = postSolution
		SolutionGuid = {13C0E6ED-6B29-48CE-B9B5-811450A94CC2}
	EndGlobalSection
EndGlobal
